{
  "nodes": {
    "disko": {
      "inputs": {
        "nixpkgs": [
          "nixpkgs"
        ]
      },
      "locked": {
        "lastModified": 1779226674,
        "narHash": "sha256-wuOkjI6pRiN4sEn/EPBRnNW5cmcpvd7xtIM8y5LooAs=",
        "owner": "nix-community",
        "repo": "disko",
        "rev": "65fb947964bd44fc0008faf77d1fcb7a9f40bb32",
        "type": "github"
      },
      "original": {
        "owner": "nix-community",
        "repo": "disko",
        "type": "github"
      }
    },
    "gnome-topbar-src": {
      "flake": false,
      "locked": {
        "lastModified": 1779275724,
        "narHash": "sha256-uUC0Uew60zeoV1XBcNLlnLHbAEo/YDFabzut10hQriY=",
        "owner": "trevarj",
        "repo": "gnome-topbar",
        "rev": "9fffcfe41de53affb10ef46d887a87658efa124d",
        "type": "github"
      },
      "original": {
        "owner": "trevarj",
        "ref": "master",
        "repo": "gnome-topbar",
        "type": "github"
      }
    },
    "home-manager": {
      "inputs": {
        "nixpkgs": [
          "nixpkgs"
        ]
      },
      "locked": {
        "lastModified": 1779213149,
        "narHash": "sha256-Cf+p/T4Z3n9Sw0TiR3kQaIwQI+/hfvLJcoTzeq6yS3E=",
        "owner": "nix-community",
        "repo": "home-manager",
        "rev": "bd868f769a69d3b6091a1da68a75cb83a181033c",
        "type": "github"
      },
      "original": {
        "owner": "nix-community",
        "repo": "home-manager",
        "type": "github"
      }
    },
    "nixpkgs": {
      "locked": {
        "lastModified": 1778869304,
        "narHash": "sha256-30sZNZoA1cqF5JNO9fVX+wgiQYjB7HJqqJ4ztCDeBZE=",
        "owner": "NixOS",
        "repo": "nixpkgs",
        "rev": "d233902339c02a9c334e7e593de68855ad26c4cb",
        "type": "github"
      },
      "original": {
        "owner": "NixOS",
        "ref": "nixos-unstable",
        "repo": "nixpkgs",
        "type": "github"
      }
    },
    "root": {
      "inputs": {
        "disko": "disko",
        "gnome-topbar-src": "gnome-topbar-src",
        "home-manager": "home-manager",
        "nixpkgs": "nixpkgs",
        "sops-nix": "sops-nix"
      }
    },
    "sops-nix": {
      "inputs": {
        "nixpkgs": [
          "nixpkgs"
        ]
      },
      "locked": {
        "lastModified": 1777944972,
        "narHash": "sha256-VfGRo1qTBKOe3s2gOv8LSoA6Fk19PvBlwQ1ECN0Evn8=",
        "owner": "Mic92",
        "repo": "sops-nix",
        "rev": "c591bf665727040c6cc5cb409079acb22dcce33c",
        "type": "github"
      },
      "original": {
        "owner": "Mic92",
        "repo": "sops-nix",
        "type": "github"
      }
    }
  },
  "root": "root",
  "version": 7
}
